// !$*UTF8*$!
{
	archiveVersion = 1;
	classes = {
	};
	objectVersion = 46;
	objects = {

/* Begin PBXBuildFile section */
		04E386541D250CE10086A363 /* main.m in Sources */ = {isa = PBXBuildFile; fileRef = 04E386531D250CE10086A363 /* main.m */; };
		04E386571D250CE10086A363 /* AppDelegate.m in Sources */ = {isa = PBXBuildFile; fileRef = 04E386561D250CE10086A363 /* AppDelegate.m */; };
		04E3865A1D250CE10086A363 /* ViewController.m in Sources */ = {isa = PBXBuildFile; fileRef = 04E386591D250CE10086A363 /* ViewController.m */; };
		04E3865D1D250CE10086A363 /* Main.storyboard in Resources */ = {isa = PBXBuildFile; fileRef = 04E3865B1D250CE10086A363 /* Main.storyboard */; };
		04E3865F1D250CE10086A363 /* Assets.xcassets in Resources */ = {isa = PBXBuildFile; fileRef = 04E3865E1D250CE10086A363 /* Assets.xcassets */; };
		04E386621D250CE10086A363 /* LaunchScreen.storyboard in Resources */ = {isa = PBXBuildFile; fileRef = 04E386601D250CE10086A363 /* LaunchScreen.storyboard */; };
		04E3866D1D250CE10086A363 /* TestTests.m in Sources */ = {isa = PBXBuildFile; fileRef = 04E3866C1D250CE10086A363 /* TestTests.m */; };
		04E386781D250CE10086A363 /* TestUITests.m in Sources */ = {isa = PBXBuildFile; fileRef = 04E386771D250CE10086A363 /* TestUITests.m */; };
/* End PBXBuildFile section */

/* Begin PBXContainerItemProxy section */
		04E386691D250CE10086A363 /* PBXContainerItemProxy */ = {
			isa = PBXContainerItemProxy;
			containerPortal = 04E386471D250CE10086A363 /* Project object */;
			proxyType = 1;
			remoteGlobalIDString = 04E3864E1D250CE10086A363;
			remoteInfo = Test;
		};
		04E386741D250CE10086A363 /* PBXContainerItemProxy */ = {
			isa = PBXContainerItemProxy;
			containerPortal = 04E386471D250CE10086A363 /* Project object */;
			proxyType = 1;
			remoteGlobalIDString = 04E3864E1D250CE10086A363;
			remoteInfo = Test;
		};
/* End PBXContainerItemProxy section */

/* Begin PBXFileReference section */
		04E3864F1D250CE10086A363 /* Test.app */ = {isa = PBXFileReference; explicitFileType = wrapper.application; includeInIndex = 0; path = Test.app; sourceTree = BUILT_PRODUCTS_DIR; };
		04E386531D250CE10086A363 /* main.m */ = {isa = PBXFileReference; lastKnownFileType = sourcecode.c.objc; path = main.m; sourceTree = "<group>"; };
		04E386551D250CE10086A363 /* AppDelegate.h */ = {isa = PBXFileReference; lastKnownFileType = sourcecode.c.h; path = AppDelegate.h; sourceTree = "<group>"; };
		04E386561D250CE10086A363 /* AppDelegate.m */ = {isa = PBXFileReference; lastKnownFileType = sourcecode.c.objc; path = AppDelegate.m; sourceTree = "<group>"; };
		04E386581D250CE10086A363 /* ViewController.h */ = {isa = PBXFileReference; lastKnownFileType = sourcecode.c.h; path = ViewController.h; sourceTree = "<group>"; };
		04E386591D250CE10086A363 /* ViewController.m */ = {isa = PBXFileReference; lastKnownFileType = sourcecode.c.objc; path = ViewController.m; sourceTree = "<group>"; };
		04E3865C1D250CE10086A363 /* Base */ = {isa = PBXFileReference; lastKnownFileType = file.storyboard; name = Base; path = Base.lproj/Main.storyboard; sourceTree = "<group>"; };
		04E3865E1D250CE10086A363 /* Assets.xcassets */ = {isa = PBXFileReference; lastKnownFileType = folder.assetcatalog; path = Assets.xcassets; sourceTree = "<group>"; };
		04E386611D250CE10086A363 /* Base */ = {isa = PBXFileReference; lastKnownFileType = file.storyboard; name = Base; path = Base.lproj/LaunchScreen.storyboard; sourceTree = "<group>"; };
		04E386631D250CE10086A363 /* Info.plist */ = {isa = PBXFileReference; lastKnownFileType = text.plist.xml; path = Info.plist; sourceTree = "<group>"; };
		04E386681D250CE10086A363 /* TestTests.xctest */ = {isa = PBXFileReference; explicitFileType = wrapper.cfbundle; includeInIndex = 0; path = TestTests.xctest; sourceTree = BUILT_PRODUCTS_DIR; };
		04E3866C1D250CE10086A363 /* TestTests.m */ = {isa = PBXFileReference; lastKnownFileType = sourcecode.c.objc; path = TestTests.m; sourceTree = "<group>"; };
		04E3866E1D250CE10086A363 /* Info.plist */ = {isa = PBXFileReference; lastKnownFileType = text.plist.xml; path = Info.plist; sourceTree = "<group>"; };
		04E386731D250CE10086A363 /* TestUITests.xctest */ = {isa = PBXFileReference; explicitFileType = wrapper.cfbundle; includeInIndex = 0; path = TestUITests.xctest; sourceTree = BUILT_PRODUCTS_DIR; };
		04E386771D250CE10086A363 /* TestUITests.m */ = {isa = PBXFileReference; lastKnownFileType = sourcecode.c.objc; path = TestUITests.m; sourceTree = "<group>"; };
		04E386791D250CE10086A363 /* Info.plist */ = {isa = PBXFileReference; lastKnownFileType = text.plist.xml; path = Info.plist; sourceTree = "<group>"; };
/* End PBXFileReference section */

/* Begin PBXFrameworksBuildPhase section */
		04E3864C1D250CE10086A363 /* Frameworks */ = {
			isa = PBXFrameworksBuildPhase;
			buildActionMask = 2147483647;
			files = (
			);
			runOnlyForDeploymentPostprocessing = 0;
		};
		04E386651D250CE10086A363 /* Frameworks */ = {
			isa = PBXFrameworksBuildPhase;
			buildActionMask = 2147483647;
			files = (
			);
			runOnlyForDeploymentPostprocessing = 0;
		};
		04E386701D250CE10086A363 /* Frameworks */ = {
			isa = PBXFrameworksBuildPhase;
			buildActionMask = 2147483647;
			files = (
			);
			runOnlyForDeploymentPostprocessing = 0;
		};
/* End PBXFrameworksBuildPhase section */

/* Begin PBXGroup section */
		04E386461D250CE10086A363 = {
			isa = PBXGroup;
			children = (
				04E386511D250CE10086A363 /* Test */,
				04E3866B1D250CE10086A363 /* TestTests */,
				04E386761D250CE10086A363 /* TestUITests */,
				04E386501D250CE10086A363 /* Products */,
			);
			sourceTree = "<group>";
		};
		04E386501D250CE10086A363 /* Products */ = {
			isa = PBXGroup;
			children = (
				04E3864F1D250CE10086A363 /* Test.app */,
				04E386681D250CE10086A363 /* TestTests.xctest */,
				04E386731D250CE10086A363 /* TestUITests.xctest */,
			);
			name = Products;
			sourceTree = "<group>";
		};
		04E386511D250CE10086A363 /* Test */ = {
			isa = PBXGroup;
			children = (
				04E386551D250CE10086A363 /* AppDelegate.h */,
				04E386561D250CE10086A363 /* AppDelegate.m */,
				04E386581D250CE10086A363 /* ViewController.h */,
				04E386591D250CE10086A363 /* ViewController.m */,
				04E3865B1D250CE10086A363 /* Main.storyboard */,
				04E3865E1D250CE10086A363 /* Assets.xcassets */,
				04E386601D250CE10086A363 /* LaunchScreen.storyboard */,
				04E386631D250CE10086A363 /* Info.plist */,
				04E386521D250CE10086A363 /* Supporting Files */,
			);
			path = Test;
			sourceTree = "<group>";
		};
		04E386521D250CE10086A363 /* Supporting Files */ = {
			isa = PBXGroup;
			children = (
				04E386531D250CE10086A363 /* main.m */,
			);
			name = "Supporting Files";
			sourceTree = "<group>";
		};
		04E3866B1D250CE10086A363 /* TestTests */ = {
			isa = PBXGroup;
			children = (
				04E3866C1D250CE10086A363 /* TestTests.m */,
				04E3866E1D250CE10086A363 /* Info.plist */,
			);
			path = TestTests;
			sourceTree = "<group>";
		};
		04E386761D250CE10086A363 /* TestUITests */ = {
			isa = PBXGroup;
			children = (
				04E386771D250CE10086A363 /* TestUITests.m */,
				04E386791D250CE10086A363 /* Info.plist */,
			);
			path = TestUITests;
			sourceTree = "<group>";
		};
/* End PBXGroup section */

/* Begin PBXNativeTarget section */
		04E3864E1D250CE10086A363 /* Test */ = {
			isa = PBXNativeTarget;
			buildConfigurationList = 04E3867C1D250CE10086A363 /* Build configuration list for PBXNativeTarget "Test" */;
			buildPhases = (
				04E3864B1D250CE10086A363 /* Sources */,
				04E3864C1D250CE10086A363 /* Frameworks */,
				04E3864D1D250CE10086A363 /* Resources */,
			);
			buildRules = (
			);
			dependencies = (
			);
			name = Test;
			productName = Test;
			productReference = 04E3864F1D250CE10086A363 /* Test.app */;
			productType = "com.apple.product-type.application";
		};
		04E386671D250CE10086A363 /* TestTests */ = {
			isa = PBXNativeTarget;
			buildConfigurationList = 04E3867F1D250CE10086A363 /* Build configuration list for PBXNativeTarget "TestTests" */;
			buildPhases = (
				04E386641D250CE10086A363 /* Sources */,
				04E386651D250CE10086A363 /* Frameworks */,
				04E386661D250CE10086A363 /* Resources */,
			);
			buildRules = (
			);
			dependencies = (
				04E3866A1D250CE10086A363 /* PBXTargetDependency */,
			);
			name = TestTests;
			productName = TestTests;
			productReference = 04E386681D250CE10086A363 /* TestTests.xctest */;
			productType = "com.apple.product-type.bundle.unit-test";
		};
		04E386721D250CE10086A363 /* TestUITests */ = {
			isa = PBXNativeTarget;
			buildConfigurationList = 04E386821D250CE10086A363 /* Build configuration list for PBXNativeTarget "TestUITests" */;
			buildPhases = (
				04E3866F1D250CE10086A363 /* Sources */,
				04E386701D250CE10086A363 /* Frameworks */,
				04E386711D250CE10086A363 /* Resources */,
			);
			buildRules = (
			);
			dependencies = (
				04E386751D250CE10086A363 /* PBXTargetDependency */,
			);
			name = TestUITests;
			productName = TestUITests;
			productReference = 04E386731D250CE10086A363 /* TestUITests.xctest */;
			productType = "com.apple.product-type.bundle.ui-testing";
		};
/* End PBXNativeTarget section */

/* Begin PBXProject section */
		04E386471D250CE10086A363 /* Project object */ = {
			isa = PBXProject;
			attributes = {
				LastUpgradeCheck = 0720;
				ORGANIZATIONNAME = mac;
				TargetAttributes = {
					04E3864E1D250CE10086A363 = {
						CreatedOnToolsVersion = 7.2;
						DevelopmentTeam = B53D6XUJP4;
					};
					04E386671D250CE10086A363 = {
						CreatedOnToolsVersion = 7.2;
						DevelopmentTeam = B53D6XUJP4;
						TestTargetID = 04E3864E1D250CE10086A363;
					};
					04E386721D250CE10086A363 = {
						CreatedOnToolsVersion = 7.2;
						DevelopmentTeam = B53D6XUJP4;
						TestTargetID = 04E3864E1D250CE10086A363;
					};
				};
			};
			buildConfigurationList = 04E3864A1D250CE10086A363 /* Build configuration list for PBXProject "Test" */;
			compatibilityVersion = "Xcode 3.2";
			developmentRegion = English;
			hasScannedForEncodings = 0;
			knownRegions = (
				en,
				Base,
			);
			mainGroup = 04E386461D250CE10086A363;
			productRefGroup = 04E386501D250CE10086A363 /* Products */;
			projectDirPath = "";
			projectRoot = "";
			targets = (
				04E3864E1D250CE10086A363 /* Test */,
				04E386671D250CE10086A363 /* TestTests */,
				04E386721D250CE10086A363 /* TestUITests */,
			);
		};
/* End PBXProject section */

/* Begin PBXResourcesBuildPhase section */
		04E3864D1D250CE10086A363 /* Resources */ = {
			isa = PBXResourcesBuildPhase;
			buildActionMask = 2147483647;
			files = (
				04E386621D250CE10086A363 /* LaunchScreen.storyboard in Resources */,
				04E3865F1D250CE10086A363 /* Assets.xcassets in Resources */,
				04E3865D1D250CE10086A363 /* Main.storyboard in Resources */,
			);
			runOnlyForDeploymentPostprocessing = 0;
		};
		04E386661D250CE10086A363 /* Resources */ = {
			isa = PBXResourcesBuildPhase;
			buildActionMask = 2147483647;
			files = (
			);
			runOnlyForDeploymentPostprocessing = 0;
		};
		04E386711D250CE10086A363 /* Resources */ = {
			isa = PBXResourcesBuildPhase;
			buildActionMask = 2147483647;
			files = (
			);
			runOnlyForDeploymentPostprocessing = 0;
		};
/* End PBXResourcesBuildPhase section */

/* Begin PBXSourcesBuildPhase section */
		04E3864B1D250CE10086A363 /* Sources */ = {
			isa = PBXSourcesBuildPhase;
			buildActionMask = 2147483647;
			files = (
				04E3865A1D250CE10086A363 /* ViewController.m in Sources */,
				04E386571D250CE10086A363 /* AppDelegate.m in Sources */,
				04E386541D250CE10086A363 /* main.m in Sources */,
			);
			runOnlyForDeploymentPostprocessing = 0;
		};
		04E386641D250CE10086A363 /* Sources */ = {
			isa = PBXSourcesBuildPhase;
			buildActionMask = 2147483647;
			files = (
				04E3866D1D250CE10086A363 /* TestTests.m in Sources */,
			);
			runOnlyForDeploymentPostprocessing = 0;
		};
		04E3866F1D250CE10086A363 /* Sources */ = {
			isa = PBXSourcesBuildPhase;
			buildActionMask = 2147483647;
			files = (
				04E386781D250CE10086A363 /* TestUITests.m in Sources */,
			);
			runOnlyForDeploymentPostprocessing = 0;
		};
/* End PBXSourcesBuildPhase section */

/* Begin PBXTargetDependency section */
		04E3866A1D250CE10086A363 /* PBXTargetDependency */ = {
			isa = PBXTargetDependency;
			target = 04E3864E1D250CE10086A363 /* Test */;
			targetProxy = 04E386691D250CE10086A363 /* PBXContainerItemProxy */;
		};
		04E386751D250CE10086A363 /* PBXTargetDependency */ = {
			isa = PBXTargetDependency;
			target = 04E3864E1D250CE10086A363 /* Test */;
			targetProxy = 04E386741D250CE10086A363 /* PBXContainerItemProxy */;
		};
/* End PBXTargetDependency section */

/* Begin PBXVariantGroup section */
		04E3865B1D250CE10086A363 /* Main.storyboard */ = {
			isa = PBXVariantGroup;
			children = (
				04E3865C1D250CE10086A363 /* Base */,
			);
			name = Main.storyboard;
			sourceTree = "<group>";
		};
		04E386601D250CE10086A363 /* LaunchScreen.storyboard */ = {
			isa = PBXVariantGroup;
			children = (
				04E386611D250CE10086A363 /* Base */,
			);
			name = LaunchScreen.storyboard;
			sourceTree = "<group>";
		};
/* End PBXVariantGroup section */

/* Begin XCBuildConfiguration section */
		04E3867A1D250CE10086A363 /* Debug */ = {
			isa = XCBuildConfiguration;
			buildSettings = {
				ALWAYS_SEARCH_USER_PATHS = NO;
				CLANG_CXX_LANGUAGE_STANDARD = "gnu++0x";
				CLANG_CXX_LIBRARY = "libc++";
				CLANG_ENABLE_MODULES = YES;
				CLANG_ENABLE_OBJC_ARC = YES;
				CLANG_WARN_BOOL_CONVERSION = YES;
				CLANG_WARN_CONSTANT_CONVERSION = YES;
				CLANG_WARN_DIRECT_OBJC_ISA_USAGE = YES_ERROR;
				CLANG_WARN_EMPTY_BODY = YES;
				CLANG_WARN_ENUM_CONVERSION = YES;
				CLANG_WARN_INT_CONVERSION = YES;
				CLANG_WARN_OBJC_ROOT_CLASS = YES_ERROR;
				CLANG_WARN_UNREACHABLE_CODE = YES;
				CLANG_WARN__DUPLICATE_METHOD_MATCH = YES;
				"CODE_SIGN_IDENTITY[sdk=iphoneos*]" = "iPhone Developer";
				COPY_PHASE_STRIP = NO;
				DEBUG_INFORMATION_FORMAT = dwarf;
				ENABLE_STRICT_OBJC_MSGSEND = YES;
				ENABLE_TESTABILITY = YES;
				GCC_C_LANGUAGE_STANDARD = gnu99;
				GCC_DYNAMIC_NO_PIC = NO;
				GCC_NO_COMMON_BLOCKS = YES;
				GCC_OPTIMIZATION_LEVEL = 0;
				GCC_PREPROCESSOR_DEFINITIONS = (
					"DEBUG=1",
					"$(inherited)",
				);
				GCC_WARN_64_TO_32_BIT_CONVERSION = YES;
				GCC_WARN_ABOUT_RETURN_TYPE = YES_ERROR;
				GCC_WARN_UNDECLARED_SELECTOR = YES;
				GCC_WARN_UNINITIALIZED_AUTOS = YES_AGGRESSIVE;
				GCC_WARN_UNUSED_FUNCTION = YES;
				GCC_WARN_UNUSED_VARIABLE = YES;
				IPHONEOS_DEPLOYMENT_TARGET = 9.2;
				MTL_ENABLE_DEBUG_INFO = YES;
				ONLY_ACTIVE_ARCH = YES;
				SDKROOT = iphoneos;
			};
			name = Debug;
		};
		04E3867B1D250CE10086A363 /* Release */ = {
			isa = XCBuildConfiguration;
			buildSettings = {
				ALWAYS_SEARCH_USER_PATHS = NO;
				CLANG_CXX_LANGUAGE_STANDARD = "gnu++0x";
				CLANG_CXX_LIBRARY = "libc++";
				CLANG_ENABLE_MODULES = YES;
				CLANG_ENABLE_OBJC_ARC = YES;
				CLANG_WARN_BOOL_CONVERSION = YES;
				CLANG_WARN_CONSTANT_CONVERSION = YES;
				CLANG_WARN_DIRECT_OBJC_ISA_USAGE = YES_ERROR;
				CLANG_WARN_EMPTY_BODY = YES;
				CLANG_WARN_ENUM_CONVERSION = YES;
				CLANG_WARN_INT_CONVERSION = YES;
				CLANG_WARN_OBJC_ROOT_CLASS = YES_ERROR;
				CLANG_WARN_UNREACHABLE_CODE = YES;
				CLANG_WARN__DUPLICATE_METHOD_MATCH = YES;
				"CODE_SIGN_IDENTITY[sdk=iphoneos*]" = "iPhone Developer";
				COPY_PHASE_STRIP = NO;
				DEBUG_INFORMATION_FORMAT = "dwarf-with-dsym";
				ENABLE_NS_ASSERTIONS = NO;
				ENABLE_STRICT_OBJC_MSGSEND = YES;
				GCC_C_LANGUAGE_STANDARD = gnu99;
				GCC_NO_COMMON_BLOCKS = YES;
				GCC_WARN_64_TO_32_BIT_CONVERSION = YES;
				GCC_WARN_ABOUT_RETURN_TYPE = YES_ERROR;
				GCC_WARN_UNDECLARED_SELECTOR = YES;
				GCC_WARN_UNINITIALIZED_AUTOS = YES_AGGRESSIVE;
				GCC_WARN_UNUSED_FUNCTION = YES;
				GCC_WARN_UNUSED_VARIABLE = YES;
				IPHONEOS_DEPLOYMENT_TARGET = 9.2;
				MTL_ENABLE_DEBUG_INFO = NO;
				SDKROOT = iphoneos;
				VALIDATE_PRODUCT = YES;
			};
			name = Release;
		};
		04E3867D1D250CE10086A363 /* Debug */ = {
			isa = XCBuildConfiguration;
			buildSettings = {
				ASSETCATALOG_COMPILER_APPICON_NAME = AppIcon;
				INFOPLIST_FILE = Test/Info.plist;
				LD_RUNPATH_SEARCH_PATHS = "$(inherited) @executable_path/Frameworks";
				PRODUCT_BUNDLE_IDENTIFIER = zhiyou.Test;
				PRODUCT_NAME = "$(TARGET_NAME)";
			};
			name = Debug;
		};
		04E3867E1D250CE10086A363 /* Release */ = {
			isa = XCBuildConfiguration;
			buildSettings = {
				ASSETCATALOG_COMPILER_APPICON_NAME = AppIcon;
				INFOPLIST_FILE = Test/Info.plist;
				LD_RUNPATH_SEARCH_PATHS = "$(inherited) @executable_path/Frameworks";
				PRODUCT_BUNDLE_IDENTIFIER = zhiyou.Test;
				PRODUCT_NAME = "$(TARGET_NAME)";
			};
			name = Release;
		};
		04E386801D250CE10086A363 /* Debug */ = {
			isa = XCBuildConfiguration;
			buildSettings = {
				BUNDLE_LOADER = "$(TEST_HOST)";
				INFOPLIST_FILE = TestTests/Info.plist;
				LD_RUNPATH_SEARCH_PATHS = "$(inherited) @executable_path/Frameworks @loader_path/Frameworks";
				PRODUCT_BUNDLE_IDENTIFIER = zhiyou.TestTests;
				PRODUCT_NAME = "$(TARGET_NAME)";
				TEST_HOST = "$(BUILT_PRODUCTS_DIR)/Test.app/Test";
			};
			name = Debug;
		};
		04E386811D250CE10086A363 /* Release */ = {
			isa = XCBuildConfiguration;
			buildSettings = {
				BUNDLE_LOADER = "$(TEST_HOST)";
				INFOPLIST_FILE = TestTests/Info.plist;
				LD_RUNPATH_SEARCH_PATHS = "$(inherited) @executable_path/Frameworks @loader_path/Frameworks";
				PRODUCT_BUNDLE_IDENTIFIER = zhiyou.TestTests;
				PRODUCT_NAME = "$(TARGET_NAME)";
				TEST_HOST = "$(BUILT_PRODUCTS_DIR)/Test.app/Test";
			};
			name = Release;
		};
		04E386831D250CE10086A363 /* Debug */ = {
			isa = XCBuildConfiguration;
			buildSettings = {
				INFOPLIST_FILE = TestUITests/Info.plist;
				LD_RUNPATH_SEARCH_PATHS = "$(inherited) @executable_path/Frameworks @loader_path/Frameworks";
				PRODUCT_BUNDLE_IDENTIFIER = zhiyou.TestUITests;
				PRODUCT_NAME = "$(TARGET_NAME)";
				TEST_TARGET_NAME = Test;
				USES_XCTRUNNER = YES;
			};
			name = Debug;
		};
		04E386841D250CE10086A363 /* Release */ = {
			isa = XCBuildConfiguration;
			buildSettings = {
				INFOPLIST_FILE = TestUITests/Info.plist;
				LD_RUNPATH_SEARCH_PATHS = "$(inherited) @executable_path/Frameworks @loader_path/Frameworks";
				PRODUCT_BUNDLE_IDENTIFIER = zhiyou.TestUITests;
				PRODUCT_NAME = "$(TARGET_NAME)";
				TEST_TARGET_NAME = Test;
				USES_XCTRUNNER = YES;
			};
			name = Release;
		};
/* End XCBuildConfiguration section */

/* Begin XCConfigurationList section */
		04E3864A1D250CE10086A363 /* Build configuration list for PBXProject "Test" */ = {
			isa = XCConfigurationList;
			buildConfigurations = (
				04E3867A1D250CE10086A363 /* Debug */,
				04E3867B1D250CE10086A363 /* Release */,
			);
			defaultConfigurationIsVisible = 0;
			defaultConfigurationName = Release;
		};
		04E3867C1D250CE10086A363 /* Build configuration list for PBXNativeTarget "Test" */ = {
			isa = XCConfigurationList;
			buildConfigurations = (
				04E3867D1D250CE10086A363 /* Debug */,
				04E3867E1D250CE10086A363 /* Release */,
			);
			defaultConfigurationIsVisible = 0;
		};
		04E3867F1D250CE10086A363 /* Build configuration list for PBXNativeTarget "TestTests" */ = {
			isa = XCConfigurationList;
			buildConfigurations = (
				04E386801D250CE10086A363 /* Debug */,
				04E386811D250CE10086A363 /* Release */,
			);
			defaultConfigurationIsVisible = 0;
		};
		04E386821D250CE10086A363 /* Build configuration list for PBXNativeTarget "TestUITests" */ = {
			isa = XCConfigurationList;
			buildConfigurations = (
				04E386831D250CE10086A363 /* Debug */,
				04E386841D250CE10086A363 /* Release */,
			);
			defaultConfigurationIsVisible = 0;
		};
/* End XCConfigurationList section */
	};
	rootObject = 04E386471D250CE10086A363 /* Project object */;
}
